
Microsoft Visual Studio Solution File, Format Version 12.00
# Visual Studio 15
VisualStudioVersion = 15.0.27703.2042
MinimumVisualStudioVersion = 10.0.40219.1
Project("{9A19103F-16F7-4668-BE54-9A1E7A4F7556}") = "isogram-csharp-problem", "isogram-csharp-problem\isogram-csharp-problem.csproj", "{3AFB1FF1-5E4C-486B-A030-F1FEA6345197}"
EndProject
Project("{9A19103F-16F7-4668-BE54-9A1E7A4F7556}") = "Isogram", "Isogram.Tests\Isogram.csproj", "{3E1BB22D-D5F6-40A3-92AE-2E1B416816A7}"
EndProject
Global
	GlobalSection(SolutionConfigurationPlatforms) = preSolution
		Debug|Any CPU = Debug|Any CPU
		Release|Any CPU = Release|Any CPU
	EndGlobalSection
	GlobalSection(ProjectConfigurationPlatforms) = postSolution
		{3AFB1FF1-5E4C-486B-A030-F1FEA6345197}.Debug|Any CPU.ActiveCfg = Debug|Any CPU
		{3AFB1FF1-5E4C-486B-A030-F1FEA6345197}.Debug|Any CPU.Build.0 = Debug|Any CPU
		{3AFB1FF1-5E4C-486B-A030-F1FEA6345197}.Release|Any CPU.ActiveCfg = Release|Any CPU
		{3AFB1FF1-5E4C-486B-A030-F1FEA6345197}.Release|Any CPU.Build.0 = Release|Any CPU
		{3E1BB22D-D5F6-40A3-92AE-2E1B416816A7}.Debug|Any CPU.ActiveCfg = Debug|Any CPU
		{3E1BB22D-D5F6-40A3-92AE-2E1B416816A7}.Debug|Any CPU.Build.0 = Debug|Any CPU
		{3E1BB22D-D5F6-40A3-92AE-2E1B416816A7}.Release|Any CPU.ActiveCfg = Release|Any CPU
		{3E1BB22D-D5F6-40A3-92AE-2E1B416816A7}.Release|Any CPU.Build.0 = Release|Any CPU
	EndGlobalSection
	GlobalSection(SolutionProperties) = preSolution
		HideSolutionNode = FALSE
	EndGlobalSection
	GlobalSection(ExtensibilityGlobals) = postSolution
		SolutionGuid = {EF4D8FEE-2990-4BAD-BC42-028E291B5CF5}
	EndGlobalSection
EndGlobal
