
Microsoft Visual Studio Solution File, Format Version 12.00
# Visual Studio 15
VisualStudioVersion = 15.0.27703.2042
MinimumVisualStudioVersion = 10.0.40219.1
Project("{9A19103F-16F7-4668-BE54-9A1E7A4F7556}") = "isogram-csharp-problem", "isogram-csharp-problem\isogram-csharp-problem.csproj", "{7255052D-8BAA-4EBB-863A-BEEA142A66DB}"
EndProject
Project("{FAE04EC0-301F-11D3-BF4B-00C04F79EFBC}") = "Isogram.Tests", "Isogram.Tests\Isogram.Tests.csproj", "{D2B7D342-4295-4306-86EB-E97DF78B2094}"
EndProject
Global
	GlobalSection(SolutionConfigurationPlatforms) = preSolution
		Debug|Any CPU = Debug|Any CPU
		Release|Any CPU = Release|Any CPU
	EndGlobalSection
	GlobalSection(ProjectConfigurationPlatforms) = postSolution
		{7255052D-8BAA-4EBB-863A-BEEA142A66DB}.Debug|Any CPU.ActiveCfg = Debug|Any CPU
		{7255052D-8BAA-4EBB-863A-BEEA142A66DB}.Debug|Any CPU.Build.0 = Debug|Any CPU
		{7255052D-8BAA-4EBB-863A-BEEA142A66DB}.Release|Any CPU.ActiveCfg = Release|Any CPU
		{7255052D-8BAA-4EBB-863A-BEEA142A66DB}.Release|Any CPU.Build.0 = Release|Any CPU
		{D2B7D342-4295-4306-86EB-E97DF78B2094}.Debug|Any CPU.ActiveCfg = Debug|Any CPU
		{D2B7D342-4295-4306-86EB-E97DF78B2094}.Debug|Any CPU.Build.0 = Debug|Any CPU
		{D2B7D342-4295-4306-86EB-E97DF78B2094}.Release|Any CPU.ActiveCfg = Release|Any CPU
		{D2B7D342-4295-4306-86EB-E97DF78B2094}.Release|Any CPU.Build.0 = Release|Any CPU
	EndGlobalSection
	GlobalSection(SolutionProperties) = preSolution
		HideSolutionNode = FALSE
	EndGlobalSection
	GlobalSection(ExtensibilityGlobals) = postSolution
		SolutionGuid = {729A257D-BE50-4156-9E32-E250A65E1D2A}
	EndGlobalSection
EndGlobal
